
Microsoft Visual Studio Solution File, Format Version 12.00
# Visual Studio 15
VisualStudioVersion = 15.0.28307.1231
MinimumVisualStudioVersion = 10.0.40219.1
Project("{8BC9CEB8-8B4A-11D0-8D11-00A0C91BC942}") = "Lec12-3", "Lec12-3\Lec12-3.vcxproj", "{915CFCB4-6DB8-4CCA-BC1C-D9010897028D}"
EndProject
Global
	GlobalSection(SolutionConfigurationPlatforms) = preSolution
		Debug|x64 = Debug|x64
		Debug|x86 = Debug|x86
		Release|x64 = Release|x64
		Release|x86 = Release|x86
	EndGlobalSection
	GlobalSection(ProjectConfigurationPlatforms) = postSolution
		{915CFCB4-6DB8-4CCA-BC1C-D9010897028D}.Debug|x64.ActiveCfg = Debug|x64
		{915CFCB4-6DB8-4CCA-BC1C-D9010897028D}.Debug|x64.Build.0 = Debug|x64
		{915CFCB4-6DB8-4CCA-BC1C-D9010897028D}.Debug|x86.ActiveCfg = Debug|Win32
		{915CFCB4-6DB8-4CCA-BC1C-D9010897028D}.Debug|x86.Build.0 = Debug|Win32
		{915CFCB4-6DB8-4CCA-BC1C-D9010897028D}.Release|x64.ActiveCfg = Release|x64
		{915CFCB4-6DB8-4CCA-BC1C-D9010897028D}.Release|x64.Build.0 = Release|x64
		{915CFCB4-6DB8-4CCA-BC1C-D9010897028D}.Release|x86.ActiveCfg = Release|Win32
		{915CFCB4-6DB8-4CCA-BC1C-D9010897028D}.Release|x86.Build.0 = Release|Win32
	EndGlobalSection
	GlobalSection(SolutionProperties) = preSolution
		HideSolutionNode = FALSE
	EndGlobalSection
	GlobalSection(ExtensibilityGlobals) = postSolution
		SolutionGuid = {C1BE12DF-7D41-42DD-951B-C0137D2E9C92}
	EndGlobalSection
EndGlobal
