
Microsoft Visual Studio Solution File, Format Version 12.00
# Visual Studio 15
VisualStudioVersion = 15.0.28307.1231
MinimumVisualStudioVersion = 10.0.40219.1
Project("{8BC9CEB8-8B4A-11D0-8D11-00A0C91BC942}") = "Lec10-3", "Lec10-3\Lec10-3.vcxproj", "{2D065E03-F7A1-4D8C-BF54-F88BC8E64CC6}"
EndProject
Global
	GlobalSection(SolutionConfigurationPlatforms) = preSolution
		Debug|x64 = Debug|x64
		Debug|x86 = Debug|x86
		Release|x64 = Release|x64
		Release|x86 = Release|x86
	EndGlobalSection
	GlobalSection(ProjectConfigurationPlatforms) = postSolution
		{2D065E03-F7A1-4D8C-BF54-F88BC8E64CC6}.Debug|x64.ActiveCfg = Debug|x64
		{2D065E03-F7A1-4D8C-BF54-F88BC8E64CC6}.Debug|x64.Build.0 = Debug|x64
		{2D065E03-F7A1-4D8C-BF54-F88BC8E64CC6}.Debug|x86.ActiveCfg = Debug|Win32
		{2D065E03-F7A1-4D8C-BF54-F88BC8E64CC6}.Debug|x86.Build.0 = Debug|Win32
		{2D065E03-F7A1-4D8C-BF54-F88BC8E64CC6}.Release|x64.ActiveCfg = Release|x64
		{2D065E03-F7A1-4D8C-BF54-F88BC8E64CC6}.Release|x64.Build.0 = Release|x64
		{2D065E03-F7A1-4D8C-BF54-F88BC8E64CC6}.Release|x86.ActiveCfg = Release|Win32
		{2D065E03-F7A1-4D8C-BF54-F88BC8E64CC6}.Release|x86.Build.0 = Release|Win32
	EndGlobalSection
	GlobalSection(SolutionProperties) = preSolution
		HideSolutionNode = FALSE
	EndGlobalSection
	GlobalSection(ExtensibilityGlobals) = postSolution
		SolutionGuid = {392DF37B-42B5-4FB6-A7CB-BB7EC25F32B5}
	EndGlobalSection
EndGlobal
